
Microsoft Visual Studio Solution File, Format Version 12.00
# Visual Studio 15
VisualStudioVersion = 15.0.26430.16
MinimumVisualStudioVersion = 10.0.40219.1
Project("{FAE04EC0-301F-11D3-BF4B-00C04F79EFBC}") = "ChallengeSimpleDarts", "ChallengeSimpleDarts\ChallengeSimpleDarts.csproj", "{5CDF3CC6-556B-412B-A102-8E5CC2BE45C7}"
EndProject
Project("{FAE04EC0-301F-11D3-BF4B-00C04F79EFBC}") = "Darts", "Darts\Darts.csproj", "{76CE5D45-0DE5-4C28-BE0B-3AD6BDEC19A0}"
EndProject
Global
	GlobalSection(SolutionConfigurationPlatforms) = preSolution
		Debug|Any CPU = Debug|Any CPU
		Release|Any CPU = Release|Any CPU
	EndGlobalSection
	GlobalSection(ProjectConfigurationPlatforms) = postSolution
		{5CDF3CC6-556B-412B-A102-8E5CC2BE45C7}.Debug|Any CPU.ActiveCfg = Debug|Any CPU
		{5CDF3CC6-556B-412B-A102-8E5CC2BE45C7}.Debug|Any CPU.Build.0 = Debug|Any CPU
		{5CDF3CC6-556B-412B-A102-8E5CC2BE45C7}.Release|Any CPU.ActiveCfg = Release|Any CPU
		{5CDF3CC6-556B-412B-A102-8E5CC2BE45C7}.Release|Any CPU.Build.0 = Release|Any CPU
		{76CE5D45-0DE5-4C28-BE0B-3AD6BDEC19A0}.Debug|Any CPU.ActiveCfg = Debug|Any CPU
		{76CE5D45-0DE5-4C28-BE0B-3AD6BDEC19A0}.Debug|Any CPU.Build.0 = Debug|Any CPU
		{76CE5D45-0DE5-4C28-BE0B-3AD6BDEC19A0}.Release|Any CPU.ActiveCfg = Release|Any CPU
		{76CE5D45-0DE5-4C28-BE0B-3AD6BDEC19A0}.Release|Any CPU.Build.0 = Release|Any CPU
	EndGlobalSection
	GlobalSection(SolutionProperties) = preSolution
		HideSolutionNode = FALSE
	EndGlobalSection
EndGlobal
